
Microsoft Visual Studio Solution File, Format Version 12.00
# Visual Studio Version 17
VisualStudioVersion = 17.7.34202.233
MinimumVisualStudioVersion = 10.0.40219.1
Project("{9A19103F-16F7-4668-BE54-9A1E7A4F7556}") = "PrintLabel", "PrintLabel\PrintLabel.csproj", "{C9F90CD1-58DE-44BE-9093-D46798389056}"
EndProject
Global
	GlobalSection(SolutionConfigurationPlatforms) = preSolution
		Debug|Any CPU = Debug|Any CPU
		Debug|x64 = Debug|x64
		Release|Any CPU = Release|Any CPU
		Release|x64 = Release|x64
		Test|Any CPU = Test|Any CPU
		Test|x64 = Test|x64
	EndGlobalSection
	GlobalSection(ProjectConfigurationPlatforms) = postSolution
		{C9F90CD1-58DE-44BE-9093-D46798389056}.Debug|Any CPU.ActiveCfg = Debug|Any CPU
		{C9F90CD1-58DE-44BE-9093-D46798389056}.Debug|Any CPU.Build.0 = Debug|Any CPU
		{C9F90CD1-58DE-44BE-9093-D46798389056}.Debug|x64.ActiveCfg = Debug|Any CPU
		{C9F90CD1-58DE-44BE-9093-D46798389056}.Debug|x64.Build.0 = Debug|Any CPU
		{C9F90CD1-58DE-44BE-9093-D46798389056}.Release|Any CPU.ActiveCfg = Release|Any CPU
		{C9F90CD1-58DE-44BE-9093-D46798389056}.Release|Any CPU.Build.0 = Release|Any CPU
		{C9F90CD1-58DE-44BE-9093-D46798389056}.Release|x64.ActiveCfg = Release|Any CPU
		{C9F90CD1-58DE-44BE-9093-D46798389056}.Release|x64.Build.0 = Release|Any CPU
		{C9F90CD1-58DE-44BE-9093-D46798389056}.Test|Any CPU.ActiveCfg = Test|Any CPU
		{C9F90CD1-58DE-44BE-9093-D46798389056}.Test|Any CPU.Build.0 = Test|Any CPU
		{C9F90CD1-58DE-44BE-9093-D46798389056}.Test|x64.ActiveCfg = Test|Any CPU
		{C9F90CD1-58DE-44BE-9093-D46798389056}.Test|x64.Build.0 = Test|Any CPU
	EndGlobalSection
	GlobalSection(SolutionProperties) = preSolution
		HideSolutionNode = FALSE
	EndGlobalSection
	GlobalSection(ExtensibilityGlobals) = postSolution
		SolutionGuid = {09B72B01-6D2D-4638-8786-6849FFBE46E7}
	EndGlobalSection
EndGlobal
